{
  "name": "pi_clone",
  "version": "1.0.0",
  "lockfileVersion": 3,
  "requires": true,
  "packages": {
    "": {
      "name": "pi_clone",
      "version": "1.0.0",
      "license": "ISC",
      "workspaces": [
        "packages/*"
      ]
    },
    "node_modules/@mouad_works/pi-ai": {
      "resolved": "packages/ai",
      "link": true
    },
    "node_modules/typebox": {
      "version": "1.1.38",
      "resolved": "https://registry.npmjs.org/typebox/-/typebox-1.1.38.tgz",
      "integrity": "sha512-pZ0aQPmMmXoUvSbeuWf/Hzsc+avNw/Zd6VeE8CFgkVGWyuHPJvqeJJDeJqLve+K70LvjYIoleGcoJHPT17cWoA==",
      "license": "MIT"
    },
    "packages/ai": {
      "name": "@mouad_works/pi-ai",
      "version": "0.0.1",
      "license": "MIT",
      "dependencies": {
        "typebox": "^1.1.38"
      }
    }
  }
}
